
Microsoft Visual Studio Solution File, Format Version 12.00
# Visual Studio 2013
VisualStudioVersion = 12.0.30501.0
MinimumVisualStudioVersion = 10.0.40219.1
Project("{FAE04EC0-301F-11D3-BF4B-00C04F79EFBC}") = "Azure Localization", "Azure Localization\Azure Localization.csproj", "{4C8BD662-9581-42BB-B994-91F05710CF06}"
EndProject
Project("{FAE04EC0-301F-11D3-BF4B-00C04F79EFBC}") = "AzureResources", ".\AzureResources\AzureResources.csproj", "{5DE3E2DC-D51A-4B91-A4C3-9DBF75F344B0}"
EndProject
Global
	GlobalSection(TeamFoundationVersionControl) = preSolution
		SccNumberOfProjects = 3
		SccEnterpriseProvider = {4CA58AB2-18FA-4F8D-95D4-32DDF27D184C}
		SccTeamFoundationServer = https://tfs.codeplex.com/tfs/tfs09
		SccLocalPath0 = .
		SccProjectUniqueName1 = Azure\u0020Localization\\Azure\u0020Localization.csproj
		SccProjectName1 = Azure\u0020Localization
		SccLocalPath1 = Azure\u0020Localization
		SccProjectUniqueName2 = .\AzureResources.csproj
		SccProjectName2 = AzureResources
		SccLocalPath2 = .\AzureResources
	EndGlobalSection
	GlobalSection(SolutionConfigurationPlatforms) = preSolution
		Debug|Any CPU = Debug|Any CPU
		Release|Any CPU = Release|Any CPU
	EndGlobalSection
	GlobalSection(ProjectConfigurationPlatforms) = postSolution
		{4C8BD662-9581-42BB-B994-91F05710CF06}.Debug|Any CPU.ActiveCfg = Debug|Any CPU
		{4C8BD662-9581-42BB-B994-91F05710CF06}.Debug|Any CPU.Build.0 = Debug|Any CPU
		{4C8BD662-9581-42BB-B994-91F05710CF06}.Release|Any CPU.ActiveCfg = Release|Any CPU
		{4C8BD662-9581-42BB-B994-91F05710CF06}.Release|Any CPU.Build.0 = Release|Any CPU
		{5DE3E2DC-D51A-4B91-A4C3-9DBF75F344B0}.Debug|Any CPU.ActiveCfg = Debug|Any CPU
		{5DE3E2DC-D51A-4B91-A4C3-9DBF75F344B0}.Debug|Any CPU.Build.0 = Debug|Any CPU
		{5DE3E2DC-D51A-4B91-A4C3-9DBF75F344B0}.Release|Any CPU.ActiveCfg = Release|Any CPU
		{5DE3E2DC-D51A-4B91-A4C3-9DBF75F344B0}.Release|Any CPU.Build.0 = Release|Any CPU
	EndGlobalSection
	GlobalSection(SolutionProperties) = preSolution
		HideSolutionNode = FALSE
	EndGlobalSection
EndGlobal
